
Microsoft Visual Studio Solution File, Format Version 12.00
# Visual Studio 15
VisualStudioVersion = 15.0.26730.10
MinimumVisualStudioVersion = 10.0.40219.1
Project("{FAE04EC0-301F-11D3-BF4B-00C04F79EFBC}") = "AspNetCore.Identity.MongoDB", "src\AspNetCore.Identity.MongoDB\AspNetCore.Identity.MongoDB.csproj", "{F6E2F438-1A04-48FE-931B-A2E05FF0C975}"
EndProject
Project("{FAE04EC0-301F-11D3-BF4B-00C04F79EFBC}") = "AspNetCore.Identity.MongoDB.Tests", "tests\AspNetCore.Identity.MongoDB.Tests\AspNetCore.Identity.MongoDB.Tests.csproj", "{EF66AC51-A888-4FE3-AE9B-3B69B28B8F93}"
EndProject
Global
	GlobalSection(SolutionConfigurationPlatforms) = preSolution
		Debug|Any CPU = Debug|Any CPU
		Release|Any CPU = Release|Any CPU
	EndGlobalSection
	GlobalSection(ProjectConfigurationPlatforms) = postSolution
		{F6E2F438-1A04-48FE-931B-A2E05FF0C975}.Debug|Any CPU.ActiveCfg = Debug|Any CPU
		{F6E2F438-1A04-48FE-931B-A2E05FF0C975}.Debug|Any CPU.Build.0 = Debug|Any CPU
		{F6E2F438-1A04-48FE-931B-A2E05FF0C975}.Release|Any CPU.ActiveCfg = Release|Any CPU
		{F6E2F438-1A04-48FE-931B-A2E05FF0C975}.Release|Any CPU.Build.0 = Release|Any CPU
		{EF66AC51-A888-4FE3-AE9B-3B69B28B8F93}.Debug|Any CPU.ActiveCfg = Debug|Any CPU
		{EF66AC51-A888-4FE3-AE9B-3B69B28B8F93}.Debug|Any CPU.Build.0 = Debug|Any CPU
		{EF66AC51-A888-4FE3-AE9B-3B69B28B8F93}.Release|Any CPU.ActiveCfg = Release|Any CPU
		{EF66AC51-A888-4FE3-AE9B-3B69B28B8F93}.Release|Any CPU.Build.0 = Release|Any CPU
	EndGlobalSection
	GlobalSection(SolutionProperties) = preSolution
		HideSolutionNode = FALSE
	EndGlobalSection
	GlobalSection(ExtensibilityGlobals) = postSolution
		SolutionGuid = {DF9DDB8E-4AD1-4848-B195-23A0E0796058}
	EndGlobalSection
EndGlobal
