
Microsoft Visual Studio Solution File, Format Version 12.00
# Visual Studio 15
VisualStudioVersion = 15.0.26124.0
MinimumVisualStudioVersion = 15.0.26124.0
Project("{2150E333-8FDC-42A3-9474-1A3956D46DE8}") = "source", "source", "{E84E4AFA-C0E2-442C-A85F-0C18B7B80854}"
EndProject
Project("{FAE04EC0-301F-11D3-BF4B-00C04F79EFBC}") = "IdentitySample.Mvc", "source\IdentitySample.Mvc\IdentitySample.Mvc.csproj", "{EAF22AEF-EF8A-4182-9BC4-7F7148716BDE}"
EndProject
Global
	GlobalSection(SolutionConfigurationPlatforms) = preSolution
		Debug|Any CPU = Debug|Any CPU
		Debug|x64 = Debug|x64
		Debug|x86 = Debug|x86
		Release|Any CPU = Release|Any CPU
		Release|x64 = Release|x64
		Release|x86 = Release|x86
	EndGlobalSection
	GlobalSection(SolutionProperties) = preSolution
		HideSolutionNode = FALSE
	EndGlobalSection
	GlobalSection(ProjectConfigurationPlatforms) = postSolution
		{EAF22AEF-EF8A-4182-9BC4-7F7148716BDE}.Debug|Any CPU.ActiveCfg = Debug|Any CPU
		{EAF22AEF-EF8A-4182-9BC4-7F7148716BDE}.Debug|Any CPU.Build.0 = Debug|Any CPU
		{EAF22AEF-EF8A-4182-9BC4-7F7148716BDE}.Debug|x64.ActiveCfg = Debug|Any CPU
		{EAF22AEF-EF8A-4182-9BC4-7F7148716BDE}.Debug|x64.Build.0 = Debug|Any CPU
		{EAF22AEF-EF8A-4182-9BC4-7F7148716BDE}.Debug|x86.ActiveCfg = Debug|Any CPU
		{EAF22AEF-EF8A-4182-9BC4-7F7148716BDE}.Debug|x86.Build.0 = Debug|Any CPU
		{EAF22AEF-EF8A-4182-9BC4-7F7148716BDE}.Release|Any CPU.ActiveCfg = Release|Any CPU
		{EAF22AEF-EF8A-4182-9BC4-7F7148716BDE}.Release|Any CPU.Build.0 = Release|Any CPU
		{EAF22AEF-EF8A-4182-9BC4-7F7148716BDE}.Release|x64.ActiveCfg = Release|Any CPU
		{EAF22AEF-EF8A-4182-9BC4-7F7148716BDE}.Release|x64.Build.0 = Release|Any CPU
		{EAF22AEF-EF8A-4182-9BC4-7F7148716BDE}.Release|x86.ActiveCfg = Release|Any CPU
		{EAF22AEF-EF8A-4182-9BC4-7F7148716BDE}.Release|x86.Build.0 = Release|Any CPU
	EndGlobalSection
	GlobalSection(NestedProjects) = preSolution
		{EAF22AEF-EF8A-4182-9BC4-7F7148716BDE} = {E84E4AFA-C0E2-442C-A85F-0C18B7B80854}
	EndGlobalSection
EndGlobal
